// !$*UTF8*$!
{
	archiveVersion = 1;
	classes = {
	};
	objectVersion = 55;
	objects = {

/* Begin PBXBuildFile section */
		ED3B7AC327739C830048E92C /* Tests_iOS.swift in Sources */ = {isa = PBXBuildFile; fileRef = ED3B7AC227739C830048E92C /* Tests_iOS.swift */; };
		ED3B7AC527739C830048E92C /* Tests_iOSLaunchTests.swift in Sources */ = {isa = PBXBuildFile; fileRef = ED3B7AC427739C830048E92C /* Tests_iOSLaunchTests.swift */; };
		ED3B7ACF27739C830048E92C /* Tests_macOS.swift in Sources */ = {isa = PBXBuildFile; fileRef = ED3B7ACE27739C830048E92C /* Tests_macOS.swift */; };
		ED3B7AD127739C830048E92C /* Tests_macOSLaunchTests.swift in Sources */ = {isa = PBXBuildFile; fileRef = ED3B7AD027739C830048E92C /* Tests_macOSLaunchTests.swift */; };
		ED3B7AD227739C830048E92C /* Test_AppApp.swift in Sources */ = {isa = PBXBuildFile; fileRef = ED3B7AAA27739C810048E92C /* Test_AppApp.swift */; };
		ED3B7AD327739C830048E92C /* Test_AppApp.swift in Sources */ = {isa = PBXBuildFile; fileRef = ED3B7AAA27739C810048E92C /* Test_AppApp.swift */; };
		ED3B7AD427739C830048E92C /* ContentView.swift in Sources */ = {isa = PBXBuildFile; fileRef = ED3B7AAB27739C810048E92C /* ContentView.swift */; };
		ED3B7AD527739C830048E92C /* ContentView.swift in Sources */ = {isa = PBXBuildFile; fileRef = ED3B7AAB27739C810048E92C /* ContentView.swift */; };
		ED3B7AD627739C830048E92C /* Assets.xcassets in Resources */ = {isa = PBXBuildFile; fileRef = ED3B7AAC27739C820048E92C /* Assets.xcassets */; };
		ED3B7AD727739C830048E92C /* Assets.xcassets in Resources */ = {isa = PBXBuildFile; fileRef = ED3B7AAC27739C820048E92C /* Assets.xcassets */; };
/* End PBXBuildFile section */

/* Begin PBXContainerItemProxy section */
		ED3B7ABF27739C830048E92C /* PBXContainerItemProxy */ = {
			isa = PBXContainerItemProxy;
			containerPortal = ED3B7AA527739C810048E92C /* Project object */;
			proxyType = 1;
			remoteGlobalIDString = ED3B7AB027739C830048E92C;
			remoteInfo = "Test App (iOS)";
		};
		ED3B7ACB27739C830048E92C /* PBXContainerItemProxy */ = {
			isa = PBXContainerItemProxy;
			containerPortal = ED3B7AA527739C810048E92C /* Project object */;
			proxyType = 1;
			remoteGlobalIDString = ED3B7AB627739C830048E92C;
			remoteInfo = "Test App (macOS)";
		};
/* End PBXContainerItemProxy section */

/* Begin PBXFileReference section */
		ED3B7AAA27739C810048E92C /* Test_AppApp.swift */ = {isa = PBXFileReference; lastKnownFileType = sourcecode.swift; path = Test_AppApp.swift; sourceTree = "<group>"; };
		ED3B7AAB27739C810048E92C /* ContentView.swift */ = {isa = PBXFileReference; lastKnownFileType = sourcecode.swift; path = ContentView.swift; sourceTree = "<group>"; };
		ED3B7AAC27739C820048E92C /* Assets.xcassets */ = {isa = PBXFileReference; lastKnownFileType = folder.assetcatalog; path = Assets.xcassets; sourceTree = "<group>"; };
		ED3B7AB127739C830048E92C /* Test App.app */ = {isa = PBXFileReference; explicitFileType = wrapper.application; includeInIndex = 0; path = "Test App.app"; sourceTree = BUILT_PRODUCTS_DIR; };
		ED3B7AB727739C830048E92C /* Test App.app */ = {isa = PBXFileReference; explicitFileType = wrapper.application; includeInIndex = 0; path = "Test App.app"; sourceTree = BUILT_PRODUCTS_DIR; };
		ED3B7AB927739C830048E92C /* macOS.entitlements */ = {isa = PBXFileReference; lastKnownFileType = text.plist.entitlements; path = macOS.entitlements; sourceTree = "<group>"; };
		ED3B7ABE27739C830048E92C /* Tests iOS.xctest */ = {isa = PBXFileReference; explicitFileType = wrapper.cfbundle; includeInIndex = 0; path = "Tests iOS.xctest"; sourceTree = BUILT_PRODUCTS_DIR; };
		ED3B7AC227739C830048E92C /* Tests_iOS.swift */ = {isa = PBXFileReference; lastKnownFileType = sourcecode.swift; path = Tests_iOS.swift; sourceTree = "<group>"; };
		ED3B7AC427739C830048E92C /* Tests_iOSLaunchTests.swift */ = {isa = PBXFileReference; lastKnownFileType = sourcecode.swift; path = Tests_iOSLaunchTests.swift; sourceTree = "<group>"; };
		ED3B7ACA27739C830048E92C /* Tests macOS.xctest */ = {isa = PBXFileReference; explicitFileType = wrapper.cfbundle; includeInIndex = 0; path = "Tests macOS.xctest"; sourceTree = BUILT_PRODUCTS_DIR; };
		ED3B7ACE27739C830048E92C /* Tests_macOS.swift */ = {isa = PBXFileReference; lastKnownFileType = sourcecode.swift; path = Tests_macOS.swift; sourceTree = "<group>"; };
		ED3B7AD027739C830048E92C /* Tests_macOSLaunchTests.swift */ = {isa = PBXFileReference; lastKnownFileType = sourcecode.swift; path = Tests_macOSLaunchTests.swift; sourceTree = "<group>"; };
/* End PBXFileReference section */

/* Begin PBXFrameworksBuildPhase section */
		ED3B7AAE27739C830048E92C /* Frameworks */ = {
			isa = PBXFrameworksBuildPhase;
			buildActionMask = 2147483647;
			files = (
			);
			runOnlyForDeploymentPostprocessing = 0;
		};
		ED3B7AB427739C830048E92C /* Frameworks */ = {
			isa = PBXFrameworksBuildPhase;
			buildActionMask = 2147483647;
			files = (
			);
			runOnlyForDeploymentPostprocessing = 0;
		};
		ED3B7ABB27739C830048E92C /* Frameworks */ = {
			isa = PBXFrameworksBuildPhase;
			buildActionMask = 2147483647;
			files = (
			);
			runOnlyForDeploymentPostprocessing = 0;
		};
		ED3B7AC727739C830048E92C /* Frameworks */ = {
			isa = PBXFrameworksBuildPhase;
			buildActionMask = 2147483647;
			files = (
			);
			runOnlyForDeploymentPostprocessing = 0;
		};
/* End PBXFrameworksBuildPhase section */

/* Begin PBXGroup section */
		ED3B7AA427739C800048E92C = {
			isa = PBXGroup;
			children = (
				ED3B7AA927739C810048E92C /* Shared */,
				ED3B7AB827739C830048E92C /* macOS */,
				ED3B7AC127739C830048E92C /* Tests iOS */,
				ED3B7ACD27739C830048E92C /* Tests macOS */,
				ED3B7AB227739C830048E92C /* Products */,
			);
			sourceTree = "<group>";
		};
		ED3B7AA927739C810048E92C /* Shared */ = {
			isa = PBXGroup;
			children = (
				ED3B7AAA27739C810048E92C /* Test_AppApp.swift */,
				ED3B7AAB27739C810048E92C /* ContentView.swift */,
				ED3B7AAC27739C820048E92C /* Assets.xcassets */,
			);
			path = Shared;
			sourceTree = "<group>";
		};
		ED3B7AB227739C830048E92C /* Products */ = {
			isa = PBXGroup;
			children = (
				ED3B7AB127739C830048E92C /* Test App.app */,
				ED3B7AB727739C830048E92C /* Test App.app */,
				ED3B7ABE27739C830048E92C /* Tests iOS.xctest */,
				ED3B7ACA27739C830048E92C /* Tests macOS.xctest */,
			);
			name = Products;
			sourceTree = "<group>";
		};
		ED3B7AB827739C830048E92C /* macOS */ = {
			isa = PBXGroup;
			children = (
				ED3B7AB927739C830048E92C /* macOS.entitlements */,
			);
			path = macOS;
			sourceTree = "<group>";
		};
		ED3B7AC127739C830048E92C /* Tests iOS */ = {
			isa = PBXGroup;
			children = (
				ED3B7AC227739C830048E92C /* Tests_iOS.swift */,
				ED3B7AC427739C830048E92C /* Tests_iOSLaunchTests.swift */,
			);
			path = "Tests iOS";
			sourceTree = "<group>";
		};
		ED3B7ACD27739C830048E92C /* Tests macOS */ = {
			isa = PBXGroup;
			children = (
				ED3B7ACE27739C830048E92C /* Tests_macOS.swift */,
				ED3B7AD027739C830048E92C /* Tests_macOSLaunchTests.swift */,
			);
			path = "Tests macOS";
			sourceTree = "<group>";
		};
/* End PBXGroup section */

/* Begin PBXNativeTarget section */
		ED3B7AB027739C830048E92C /* Test App (iOS) */ = {
			isa = PBXNativeTarget;
			buildConfigurationList = ED3B7ADA27739C830048E92C /* Build configuration list for PBXNativeTarget "Test App (iOS)" */;
			buildPhases = (
				ED3B7AAD27739C830048E92C /* Sources */,
				ED3B7AAE27739C830048E92C /* Frameworks */,
				ED3B7AAF27739C830048E92C /* Resources */,
			);
			buildRules = (
			);
			dependencies = (
			);
			name = "Test App (iOS)";
			productName = "Test App (iOS)";
			productReference = ED3B7AB127739C830048E92C /* Test App.app */;
			productType = "com.apple.product-type.application";
		};
		ED3B7AB627739C830048E92C /* Test App (macOS) */ = {
			isa = PBXNativeTarget;
			buildConfigurationList = ED3B7ADD27739C830048E92C /* Build configuration list for PBXNativeTarget "Test App (macOS)" */;
			buildPhases = (
				ED3B7AB327739C830048E92C /* Sources */,
				ED3B7AB427739C830048E92C /* Frameworks */,
				ED3B7AB527739C830048E92C /* Resources */,
			);
			buildRules = (
			);
			dependencies = (
			);
			name = "Test App (macOS)";
			productName = "Test App (macOS)";
			productReference = ED3B7AB727739C830048E92C /* Test App.app */;
			productType = "com.apple.product-type.application";
		};
		ED3B7ABD27739C830048E92C /* Tests iOS */ = {
			isa = PBXNativeTarget;
			buildConfigurationList = ED3B7AE027739C830048E92C /* Build configuration list for PBXNativeTarget "Tests iOS" */;
			buildPhases = (
				ED3B7ABA27739C830048E92C /* Sources */,
				ED3B7ABB27739C830048E92C /* Frameworks */,
				ED3B7ABC27739C830048E92C /* Resources */,
			);
			buildRules = (
			);
			dependencies = (
				ED3B7AC027739C830048E92C /* PBXTargetDependency */,
			);
			name = "Tests iOS";
			productName = "Tests iOS";
			productReference = ED3B7ABE27739C830048E92C /* Tests iOS.xctest */;
			productType = "com.apple.product-type.bundle.ui-testing";
		};
		ED3B7AC927739C830048E92C /* Tests macOS */ = {
			isa = PBXNativeTarget;
			buildConfigurationList = ED3B7AE327739C830048E92C /* Build configuration list for PBXNativeTarget "Tests macOS" */;
			buildPhases = (
				ED3B7AC627739C830048E92C /* Sources */,
				ED3B7AC727739C830048E92C /* Frameworks */,
				ED3B7AC827739C830048E92C /* Resources */,
			);
			buildRules = (
			);
			dependencies = (
				ED3B7ACC27739C830048E92C /* PBXTargetDependency */,
			);
			name = "Tests macOS";
			productName = "Tests macOS";
			productReference = ED3B7ACA27739C830048E92C /* Tests macOS.xctest */;
			productType = "com.apple.product-type.bundle.ui-testing";
		};
/* End PBXNativeTarget section */

/* Begin PBXProject section */
		ED3B7AA527739C810048E92C /* Project object */ = {
			isa = PBXProject;
			attributes = {
				BuildIndependentTargetsInParallel = 1;
				LastSwiftUpdateCheck = 1320;
				LastUpgradeCheck = 1320;
				TargetAttributes = {
					ED3B7AB027739C830048E92C = {
						CreatedOnToolsVersion = 13.2.1;
					};
					ED3B7AB627739C830048E92C = {
						CreatedOnToolsVersion = 13.2.1;
					};
					ED3B7ABD27739C830048E92C = {
						CreatedOnToolsVersion = 13.2.1;
						TestTargetID = ED3B7AB027739C830048E92C;
					};
					ED3B7AC927739C830048E92C = {
						CreatedOnToolsVersion = 13.2.1;
						TestTargetID = ED3B7AB627739C830048E92C;
					};
				};
			};
			buildConfigurationList = ED3B7AA827739C810048E92C /* Build configuration list for PBXProject "Test App" */;
			compatibilityVersion = "Xcode 13.0";
			developmentRegion = en;
			hasScannedForEncodings = 0;
			knownRegions = (
				en,
				Base,
			);
			mainGroup = ED3B7AA427739C800048E92C;
			productRefGroup = ED3B7AB227739C830048E92C /* Products */;
			projectDirPath = "";
			projectRoot = "";
			targets = (
				ED3B7AB027739C830048E92C /* Test App (iOS) */,
				ED3B7AB627739C830048E92C /* Test App (macOS) */,
				ED3B7ABD27739C830048E92C /* Tests iOS */,
				ED3B7AC927739C830048E92C /* Tests macOS */,
			);
		};
/* End PBXProject section */

/* Begin PBXResourcesBuildPhase section */
		ED3B7AAF27739C830048E92C /* Resources */ = {
			isa = PBXResourcesBuildPhase;
			buildActionMask = 2147483647;
			files = (
				ED3B7AD627739C830048E92C /* Assets.xcassets in Resources */,
			);
			runOnlyForDeploymentPostprocessing = 0;
		};
		ED3B7AB527739C830048E92C /* Resources */ = {
			isa = PBXResourcesBuildPhase;
			buildActionMask = 2147483647;
			files = (
				ED3B7AD727739C830048E92C /* Assets.xcassets in Resources */,
			);
			runOnlyForDeploymentPostprocessing = 0;
		};
		ED3B7ABC27739C830048E92C /* Resources */ = {
			isa = PBXResourcesBuildPhase;
			buildActionMask = 2147483647;
			files = (
			);
			runOnlyForDeploymentPostprocessing = 0;
		};
		ED3B7AC827739C830048E92C /* Resources */ = {
			isa = PBXResourcesBuildPhase;
			buildActionMask = 2147483647;
			files = (
			);
			runOnlyForDeploymentPostprocessing = 0;
		};
/* End PBXResourcesBuildPhase section */

/* Begin PBXSourcesBuildPhase section */
		ED3B7AAD27739C830048E92C /* Sources */ = {
			isa = PBXSourcesBuildPhase;
			buildActionMask = 2147483647;
			files = (
				ED3B7AD427739C830048E92C /* ContentView.swift in Sources */,
				ED3B7AD227739C830048E92C /* Test_AppApp.swift in Sources */,
			);
			runOnlyForDeploymentPostprocessing = 0;
		};
		ED3B7AB327739C830048E92C /* Sources */ = {
			isa = PBXSourcesBuildPhase;
			buildActionMask = 2147483647;
			files = (
				ED3B7AD527739C830048E92C /* ContentView.swift in Sources */,
				ED3B7AD327739C830048E92C /* Test_AppApp.swift in Sources */,
			);
			runOnlyForDeploymentPostprocessing = 0;
		};
		ED3B7ABA27739C830048E92C /* Sources */ = {
			isa = PBXSourcesBuildPhase;
			buildActionMask = 2147483647;
			files = (
				ED3B7AC527739C830048E92C /* Tests_iOSLaunchTests.swift in Sources */,
				ED3B7AC327739C830048E92C /* Tests_iOS.swift in Sources */,
			);
			runOnlyForDeploymentPostprocessing = 0;
		};
		ED3B7AC627739C830048E92C /* Sources */ = {
			isa = PBXSourcesBuildPhase;
			buildActionMask = 2147483647;
			files = (
				ED3B7AD127739C830048E92C /* Tests_macOSLaunchTests.swift in Sources */,
				ED3B7ACF27739C830048E92C /* Tests_macOS.swift in Sources */,
			);
			runOnlyForDeploymentPostprocessing = 0;
		};
/* End PBXSourcesBuildPhase section */

/* Begin PBXTargetDependency section */
		ED3B7AC027739C830048E92C /* PBXTargetDependency */ = {
			isa = PBXTargetDependency;
			target = ED3B7AB027739C830048E92C /* Test App (iOS) */;
			targetProxy = ED3B7ABF27739C830048E92C /* PBXContainerItemProxy */;
		};
		ED3B7ACC27739C830048E92C /* PBXTargetDependency */ = {
			isa = PBXTargetDependency;
			target = ED3B7AB627739C830048E92C /* Test App (macOS) */;
			targetProxy = ED3B7ACB27739C830048E92C /* PBXContainerItemProxy */;
		};
/* End PBXTargetDependency section */

/* Begin XCBuildConfiguration section */
		ED3B7AD827739C830048E92C /* Debug */ = {
			isa = XCBuildConfiguration;
			buildSettings = {
				ALWAYS_SEARCH_USER_PATHS = NO;
				CLANG_ANALYZER_NONNULL = YES;
				CLANG_ANALYZER_NUMBER_OBJECT_CONVERSION = YES_AGGRESSIVE;
				CLANG_CXX_LANGUAGE_STANDARD = "gnu++17";
				CLANG_CXX_LIBRARY = "libc++";
				CLANG_ENABLE_MODULES = YES;
				CLANG_ENABLE_OBJC_ARC = YES;
				CLANG_ENABLE_OBJC_WEAK = YES;
				CLANG_WARN_BLOCK_CAPTURE_AUTORELEASING = YES;
				CLANG_WARN_BOOL_CONVERSION = YES;
				CLANG_WARN_COMMA = YES;
				CLANG_WARN_CONSTANT_CONVERSION = YES;
				CLANG_WARN_DEPRECATED_OBJC_IMPLEMENTATIONS = YES;
				CLANG_WARN_DIRECT_OBJC_ISA_USAGE = YES_ERROR;
				CLANG_WARN_DOCUMENTATION_COMMENTS = YES;
				CLANG_WARN_EMPTY_BODY = YES;
				CLANG_WARN_ENUM_CONVERSION = YES;
				CLANG_WARN_INFINITE_RECURSION = YES;
				CLANG_WARN_INT_CONVERSION = YES;
				CLANG_WARN_NON_LITERAL_NULL_CONVERSION = YES;
				CLANG_WARN_OBJC_IMPLICIT_RETAIN_SELF = YES;
				CLANG_WARN_OBJC_LITERAL_CONVERSION = YES;
				CLANG_WARN_OBJC_ROOT_CLASS = YES_ERROR;
				CLANG_WARN_QUOTED_INCLUDE_IN_FRAMEWORK_HEADER = YES;
				CLANG_WARN_RANGE_LOOP_ANALYSIS = YES;
				CLANG_WARN_STRICT_PROTOTYPES = YES;
				CLANG_WARN_SUSPICIOUS_MOVE = YES;
				CLANG_WARN_UNGUARDED_AVAILABILITY = YES_AGGRESSIVE;
				CLANG_WARN_UNREACHABLE_CODE = YES;
				CLANG_WARN__DUPLICATE_METHOD_MATCH = YES;
				COPY_PHASE_STRIP = NO;
				DEBUG_INFORMATION_FORMAT = dwarf;
				ENABLE_STRICT_OBJC_MSGSEND = YES;
				ENABLE_TESTABILITY = YES;
				GCC_C_LANGUAGE_STANDARD = gnu11;
				GCC_DYNAMIC_NO_PIC = NO;
				GCC_NO_COMMON_BLOCKS = YES;
				GCC_OPTIMIZATION_LEVEL = 0;
				GCC_PREPROCESSOR_DEFINITIONS = (
					"DEBUG=1",
					"$(inherited)",
				);
				GCC_WARN_64_TO_32_BIT_CONVERSION = YES;
				GCC_WARN_ABOUT_RETURN_TYPE = YES_ERROR;
				GCC_WARN_UNDECLARED_SELECTOR = YES;
				GCC_WARN_UNINITIALIZED_AUTOS = YES_AGGRESSIVE;
				GCC_WARN_UNUSED_FUNCTION = YES;
				GCC_WARN_UNUSED_VARIABLE = YES;
				MTL_ENABLE_DEBUG_INFO = INCLUDE_SOURCE;
				MTL_FAST_MATH = YES;
				ONLY_ACTIVE_ARCH = YES;
				SWIFT_ACTIVE_COMPILATION_CONDITIONS = DEBUG;
				SWIFT_OPTIMIZATION_LEVEL = "-Onone";
			};
			name = Debug;
		};
		ED3B7AD927739C830048E92C /* Release */ = {
			isa = XCBuildConfiguration;
			buildSettings = {
				ALWAYS_SEARCH_USER_PATHS = NO;
				CLANG_ANALYZER_NONNULL = YES;
				CLANG_ANALYZER_NUMBER_OBJECT_CONVERSION = YES_AGGRESSIVE;
				CLANG_CXX_LANGUAGE_STANDARD = "gnu++17";
				CLANG_CXX_LIBRARY = "libc++";
				CLANG_ENABLE_MODULES = YES;
				CLANG_ENABLE_OBJC_ARC = YES;
				CLANG_ENABLE_OBJC_WEAK = YES;
				CLANG_WARN_BLOCK_CAPTURE_AUTORELEASING = YES;
				CLANG_WARN_BOOL_CONVERSION = YES;
				CLANG_WARN_COMMA = YES;
				CLANG_WARN_CONSTANT_CONVERSION = YES;
				CLANG_WARN_DEPRECATED_OBJC_IMPLEMENTATIONS = YES;
				CLANG_WARN_DIRECT_OBJC_ISA_USAGE = YES_ERROR;
				CLANG_WARN_DOCUMENTATION_COMMENTS = YES;
				CLANG_WARN_EMPTY_BODY = YES;
				CLANG_WARN_ENUM_CONVERSION = YES;
				CLANG_WARN_INFINITE_RECURSION = YES;
				CLANG_WARN_INT_CONVERSION = YES;
				CLANG_WARN_NON_LITERAL_NULL_CONVERSION = YES;
				CLANG_WARN_OBJC_IMPLICIT_RETAIN_SELF = YES;
				CLANG_WARN_OBJC_LITERAL_CONVERSION = YES;
				CLANG_WARN_OBJC_ROOT_CLASS = YES_ERROR;
				CLANG_WARN_QUOTED_INCLUDE_IN_FRAMEWORK_HEADER = YES;
				CLANG_WARN_RANGE_LOOP_ANALYSIS = YES;
				CLANG_WARN_STRICT_PROTOTYPES = YES;
				CLANG_WARN_SUSPICIOUS_MOVE = YES;
				CLANG_WARN_UNGUARDED_AVAILABILITY = YES_AGGRESSIVE;
				CLANG_WARN_UNREACHABLE_CODE = YES;
				CLANG_WARN__DUPLICATE_METHOD_MATCH = YES;
				COPY_PHASE_STRIP = NO;
				DEBUG_INFORMATION_FORMAT = "dwarf-with-dsym";
				ENABLE_NS_ASSERTIONS = NO;
				ENABLE_STRICT_OBJC_MSGSEND = YES;
				GCC_C_LANGUAGE_STANDARD = gnu11;
				GCC_NO_COMMON_BLOCKS = YES;
				GCC_WARN_64_TO_32_BIT_CONVERSION = YES;
				GCC_WARN_ABOUT_RETURN_TYPE = YES_ERROR;
				GCC_WARN_UNDECLARED_SELECTOR = YES;
				GCC_WARN_UNINITIALIZED_AUTOS = YES_AGGRESSIVE;
				GCC_WARN_UNUSED_FUNCTION = YES;
				GCC_WARN_UNUSED_VARIABLE = YES;
				MTL_ENABLE_DEBUG_INFO = NO;
				MTL_FAST_MATH = YES;
				SWIFT_COMPILATION_MODE = wholemodule;
				SWIFT_OPTIMIZATION_LEVEL = "-O";
			};
			name = Release;
		};
		ED3B7ADB27739C830048E92C /* Debug */ = {
			isa = XCBuildConfiguration;
			buildSettings = {
				ASSETCATALOG_COMPILER_APPICON_NAME = AppIcon;
				ASSETCATALOG_COMPILER_GLOBAL_ACCENT_COLOR_NAME = AccentColor;
				CODE_SIGN_STYLE = Automatic;
				CURRENT_PROJECT_VERSION = 1;
				ENABLE_PREVIEWS = YES;
				GENERATE_INFOPLIST_FILE = YES;
				INFOPLIST_KEY_UIApplicationSceneManifest_Generation = YES;
				INFOPLIST_KEY_UIApplicationSupportsIndirectInputEvents = YES;
				INFOPLIST_KEY_UILaunchScreen_Generation = YES;
				INFOPLIST_KEY_UISupportedInterfaceOrientations_iPad = "UIInterfaceOrientationPortrait UIInterfaceOrientationPortraitUpsideDown UIInterfaceOrientationLandscapeLeft UIInterfaceOrientationLandscapeRight";
				INFOPLIST_KEY_UISupportedInterfaceOrientations_iPhone = "UIInterfaceOrientationPortrait UIInterfaceOrientationLandscapeLeft UIInterfaceOrientationLandscapeRight";
				IPHONEOS_DEPLOYMENT_TARGET = 15.2;
				LD_RUNPATH_SEARCH_PATHS = (
					"$(inherited)",
					"@executable_path/Frameworks",
				);
				MARKETING_VERSION = 1.0;
				PRODUCT_BUNDLE_IDENTIFIER = "BK-Development.Test-App";
				PRODUCT_NAME = "Test App";
				SDKROOT = iphoneos;
				SWIFT_EMIT_LOC_STRINGS = YES;
				SWIFT_VERSION = 5.0;
				TARGETED_DEVICE_FAMILY = "1,2";
			};
			name = Debug;
		};
		ED3B7ADC27739C830048E92C /* Release */ = {
			isa = XCBuildConfiguration;
			buildSettings = {
				ASSETCATALOG_COMPILER_APPICON_NAME = AppIcon;
				ASSETCATALOG_COMPILER_GLOBAL_ACCENT_COLOR_NAME = AccentColor;
				CODE_SIGN_STYLE = Automatic;
				CURRENT_PROJECT_VERSION = 1;
				ENABLE_PREVIEWS = YES;
				GENERATE_INFOPLIST_FILE = YES;
				INFOPLIST_KEY_UIApplicationSceneManifest_Generation = YES;
				INFOPLIST_KEY_UIApplicationSupportsIndirectInputEvents = YES;
				INFOPLIST_KEY_UILaunchScreen_Generation = YES;
				INFOPLIST_KEY_UISupportedInterfaceOrientations_iPad = "UIInterfaceOrientationPortrait UIInterfaceOrientationPortraitUpsideDown UIInterfaceOrientationLandscapeLeft UIInterfaceOrientationLandscapeRight";
				INFOPLIST_KEY_UISupportedInterfaceOrientations_iPhone = "UIInterfaceOrientationPortrait UIInterfaceOrientationLandscapeLeft UIInterfaceOrientationLandscapeRight";
				IPHONEOS_DEPLOYMENT_TARGET = 15.2;
				LD_RUNPATH_SEARCH_PATHS = (
					"$(inherited)",
					"@executable_path/Frameworks",
				);
				MARKETING_VERSION = 1.0;
				PRODUCT_BUNDLE_IDENTIFIER = "BK-Development.Test-App";
				PRODUCT_NAME = "Test App";
				SDKROOT = iphoneos;
				SWIFT_EMIT_LOC_STRINGS = YES;
				SWIFT_VERSION = 5.0;
				TARGETED_DEVICE_FAMILY = "1,2";
				VALIDATE_PRODUCT = YES;
			};
			name = Release;
		};
		ED3B7ADE27739C830048E92C /* Debug */ = {
			isa = XCBuildConfiguration;
			buildSettings = {
				ASSETCATALOG_COMPILER_APPICON_NAME = AppIcon;
				ASSETCATALOG_COMPILER_GLOBAL_ACCENT_COLOR_NAME = AccentColor;
				CODE_SIGN_ENTITLEMENTS = macOS/macOS.entitlements;
				CODE_SIGN_STYLE = Automatic;
				COMBINE_HIDPI_IMAGES = YES;
				CURRENT_PROJECT_VERSION = 1;
				ENABLE_PREVIEWS = YES;
				GENERATE_INFOPLIST_FILE = YES;
				INFOPLIST_KEY_NSHumanReadableCopyright = "";
				LD_RUNPATH_SEARCH_PATHS = (
					"$(inherited)",
					"@executable_path/../Frameworks",
				);
				MACOSX_DEPLOYMENT_TARGET = 12.1;
				MARKETING_VERSION = 1.0;
				PRODUCT_BUNDLE_IDENTIFIER = "BK-Development.Test-App";
				PRODUCT_NAME = "Test App";
				SDKROOT = macosx;
				SWIFT_EMIT_LOC_STRINGS = YES;
				SWIFT_VERSION = 5.0;
			};
			name = Debug;
		};
		ED3B7ADF27739C830048E92C /* Release */ = {
			isa = XCBuildConfiguration;
			buildSettings = {
				ASSETCATALOG_COMPILER_APPICON_NAME = AppIcon;
				ASSETCATALOG_COMPILER_GLOBAL_ACCENT_COLOR_NAME = AccentColor;
				CODE_SIGN_ENTITLEMENTS = macOS/macOS.entitlements;
				CODE_SIGN_STYLE = Automatic;
				COMBINE_HIDPI_IMAGES = YES;
				CURRENT_PROJECT_VERSION = 1;
				ENABLE_PREVIEWS = YES;
				GENERATE_INFOPLIST_FILE = YES;
				INFOPLIST_KEY_NSHumanReadableCopyright = "";
				LD_RUNPATH_SEARCH_PATHS = (
					"$(inherited)",
					"@executable_path/../Frameworks",
				);
				MACOSX_DEPLOYMENT_TARGET = 12.1;
				MARKETING_VERSION = 1.0;
				PRODUCT_BUNDLE_IDENTIFIER = "BK-Development.Test-App";
				PRODUCT_NAME = "Test App";
				SDKROOT = macosx;
				SWIFT_EMIT_LOC_STRINGS = YES;
				SWIFT_VERSION = 5.0;
			};
			name = Release;
		};
		ED3B7AE127739C830048E92C /* Debug */ = {
			isa = XCBuildConfiguration;
			buildSettings = {
				ALWAYS_EMBED_SWIFT_STANDARD_LIBRARIES = YES;
				CODE_SIGN_STYLE = Automatic;
				CURRENT_PROJECT_VERSION = 1;
				GENERATE_INFOPLIST_FILE = YES;
				IPHONEOS_DEPLOYMENT_TARGET = 15.2;
				MARKETING_VERSION = 1.0;
				PRODUCT_BUNDLE_IDENTIFIER = "BK-Development.Tests-iOS";
				PRODUCT_NAME = "$(TARGET_NAME)";
				SDKROOT = iphoneos;
				SWIFT_EMIT_LOC_STRINGS = NO;
				SWIFT_VERSION = 5.0;
				TARGETED_DEVICE_FAMILY = "1,2";
				TEST_TARGET_NAME = "Test App (iOS)";
			};
			name = Debug;
		};
		ED3B7AE227739C830048E92C /* Release */ = {
			isa = XCBuildConfiguration;
			buildSettings = {
				ALWAYS_EMBED_SWIFT_STANDARD_LIBRARIES = YES;
				CODE_SIGN_STYLE = Automatic;
				CURRENT_PROJECT_VERSION = 1;
				GENERATE_INFOPLIST_FILE = YES;
				IPHONEOS_DEPLOYMENT_TARGET = 15.2;
				MARKETING_VERSION = 1.0;
				PRODUCT_BUNDLE_IDENTIFIER = "BK-Development.Tests-iOS";
				PRODUCT_NAME = "$(TARGET_NAME)";
				SDKROOT = iphoneos;
				SWIFT_EMIT_LOC_STRINGS = NO;
				SWIFT_VERSION = 5.0;
				TARGETED_DEVICE_FAMILY = "1,2";
				TEST_TARGET_NAME = "Test App (iOS)";
				VALIDATE_PRODUCT = YES;
			};
			name = Release;
		};
		ED3B7AE427739C830048E92C /* Debug */ = {
			isa = XCBuildConfiguration;
			buildSettings = {
				ALWAYS_EMBED_SWIFT_STANDARD_LIBRARIES = YES;
				CODE_SIGN_STYLE = Automatic;
				CURRENT_PROJECT_VERSION = 1;
				GENERATE_INFOPLIST_FILE = YES;
				MACOSX_DEPLOYMENT_TARGET = 12.1;
				MARKETING_VERSION = 1.0;
				PRODUCT_BUNDLE_IDENTIFIER = "BK-Development.Tests-macOS";
				PRODUCT_NAME = "$(TARGET_NAME)";
				SDKROOT = macosx;
				SWIFT_EMIT_LOC_STRINGS = NO;
				SWIFT_VERSION = 5.0;
				TEST_TARGET_NAME = "Test App (macOS)";
			};
			name = Debug;
		};
		ED3B7AE527739C830048E92C /* Release */ = {
			isa = XCBuildConfiguration;
			buildSettings = {
				ALWAYS_EMBED_SWIFT_STANDARD_LIBRARIES = YES;
				CODE_SIGN_STYLE = Automatic;
				CURRENT_PROJECT_VERSION = 1;
				GENERATE_INFOPLIST_FILE = YES;
				MACOSX_DEPLOYMENT_TARGET = 12.1;
				MARKETING_VERSION = 1.0;
				PRODUCT_BUNDLE_IDENTIFIER = "BK-Development.Tests-macOS";
				PRODUCT_NAME = "$(TARGET_NAME)";
				SDKROOT = macosx;
				SWIFT_EMIT_LOC_STRINGS = NO;
				SWIFT_VERSION = 5.0;
				TEST_TARGET_NAME = "Test App (macOS)";
			};
			name = Release;
		};
/* End XCBuildConfiguration section */

/* Begin XCConfigurationList section */
		ED3B7AA827739C810048E92C /* Build configuration list for PBXProject "Test App" */ = {
			isa = XCConfigurationList;
			buildConfigurations = (
				ED3B7AD827739C830048E92C /* Debug */,
				ED3B7AD927739C830048E92C /* Release */,
			);
			defaultConfigurationIsVisible = 0;
			defaultConfigurationName = Release;
		};
		ED3B7ADA27739C830048E92C /* Build configuration list for PBXNativeTarget "Test App (iOS)" */ = {
			isa = XCConfigurationList;
			buildConfigurations = (
				ED3B7ADB27739C830048E92C /* Debug */,
				ED3B7ADC27739C830048E92C /* Release */,
			);
			defaultConfigurationIsVisible = 0;
			defaultConfigurationName = Release;
		};
		ED3B7ADD27739C830048E92C /* Build configuration list for PBXNativeTarget "Test App (macOS)" */ = {
			isa = XCConfigurationList;
			buildConfigurations = (
				ED3B7ADE27739C830048E92C /* Debug */,
				ED3B7ADF27739C830048E92C /* Release */,
			);
			defaultConfigurationIsVisible = 0;
			defaultConfigurationName = Release;
		};
		ED3B7AE027739C830048E92C /* Build configuration list for PBXNativeTarget "Tests iOS" */ = {
			isa = XCConfigurationList;
			buildConfigurations = (
				ED3B7AE127739C830048E92C /* Debug */,
				ED3B7AE227739C830048E92C /* Release */,
			);
			defaultConfigurationIsVisible = 0;
			defaultConfigurationName = Release;
		};
		ED3B7AE327739C830048E92C /* Build configuration list for PBXNativeTarget "Tests macOS" */ = {
			isa = XCConfigurationList;
			buildConfigurations = (
				ED3B7AE427739C830048E92C /* Debug */,
				ED3B7AE527739C830048E92C /* Release */,
			);
			defaultConfigurationIsVisible = 0;
			defaultConfigurationName = Release;
		};
/* End XCConfigurationList section */
	};
	rootObject = ED3B7AA527739C810048E92C /* Project object */;
}
